{
  "name": "basekit",
  "version": "0.1.5",
  "lockfileVersion": 3,
  "requires": true,
  "packages": {
    "": {
      "name": "basekit",
      "version": "0.1.5",
      "workspaces": [
        "packages/basekit-basekit-annotations",
        "packages/basekit-basekit-annotations-test",
        "packages/basekit-basekit-navigation",
        "packages/basekit-basekit-navigation-test",
        "packages/basekit-basekit-navigation-test",
        "packages/basekit-basekit-navigation-test-test",
        "packages/basekit-basekit-tui-annotations",
        "packages/basekit-basekit-tui-annotations-test",
        "packages/basekit-basekit-viewmodel",
        "packages/basekit-basekit-viewmodel-test",
        "packages/basekit-basekit-viewmodel-annotations",
        "packages/basekit-basekit-viewmodel-annotations-test",
        "packages/basekit-demo-core",
        "packages/basekit-demo-core-test"
      ],
      "devDependencies": {}
    },
    "node_modules/basekit-basekit-annotations": {
      "resolved": "packages/basekit-basekit-annotations",
      "link": true
    },
    "node_modules/basekit-basekit-annotations-test": {
      "resolved": "packages/basekit-basekit-annotations-test",
      "link": true
    },
    "node_modules/basekit-basekit-navigation": {
      "resolved": "packages/basekit-basekit-navigation",
      "link": true
    },
    "node_modules/basekit-basekit-navigation-test": {
      "resolved": "packages/basekit-basekit-navigation-test",
      "link": true
    },
    "node_modules/basekit-basekit-navigation-test-test": {
      "resolved": "packages/basekit-basekit-navigation-test-test",
      "link": true
    },
    "node_modules/basekit-basekit-tui-annotations": {
      "resolved": "packages/basekit-basekit-tui-annotations",
      "link": true
    },
    "node_modules/basekit-basekit-tui-annotations-test": {
      "resolved": "packages/basekit-basekit-tui-annotations-test",
      "link": true
    },
    "node_modules/basekit-basekit-viewmodel": {
      "resolved": "packages/basekit-basekit-viewmodel",
      "link": true
    },
    "node_modules/basekit-basekit-viewmodel-annotations": {
      "resolved": "packages/basekit-basekit-viewmodel-annotations",
      "link": true
    },
    "node_modules/basekit-basekit-viewmodel-annotations-test": {
      "resolved": "packages/basekit-basekit-viewmodel-annotations-test",
      "link": true
    },
    "node_modules/basekit-basekit-viewmodel-test": {
      "resolved": "packages/basekit-basekit-viewmodel-test",
      "link": true
    },
    "node_modules/basekit-demo-core": {
      "resolved": "packages/basekit-demo-core",
      "link": true
    },
    "node_modules/basekit-demo-core-test": {
      "resolved": "packages/basekit-demo-core-test",
      "link": true
    },
    "packages_imported/deltalist-deltalist-core/0.1.0": {
      "name": "deltalist-deltalist-core",
      "version": "0.1.0",
      "extraneous": true,
      "devDependencies": {}
    },
    "packages/basekit-basekit-annotations": {
      "version": "0.1.1",
      "devDependencies": {}
    },
    "packages/basekit-basekit-annotations-test": {
      "version": "0.1.1",
      "devDependencies": {}
    },
    "packages/basekit-basekit-navigation": {
      "version": "0.1.1",
      "devDependencies": {}
    },
    "packages/basekit-basekit-navigation-test": {
      "version": "0.1.1",
      "devDependencies": {}
    },
    "packages/basekit-basekit-navigation-test-test": {
      "version": "0.1.1",
      "devDependencies": {}
    },
    "packages/basekit-basekit-tui-annotations": {
      "version": "0.1.1",
      "devDependencies": {}
    },
    "packages/basekit-basekit-tui-annotations-test": {
      "version": "0.1.1",
      "devDependencies": {}
    },
    "packages/basekit-basekit-viewmodel": {
      "version": "0.1.5",
      "devDependencies": {}
    },
    "packages/basekit-basekit-viewmodel-annotations": {
      "version": "0.1.1",
      "devDependencies": {}
    },
    "packages/basekit-basekit-viewmodel-annotations-test": {
      "version": "0.1.1",
      "devDependencies": {}
    },
    "packages/basekit-basekit-viewmodel-test": {
      "version": "0.1.5",
      "devDependencies": {}
    },
    "packages/basekit-demo-core": {
      "version": "0.1.1",
      "devDependencies": {}
    },
    "packages/basekit-demo-core-test": {
      "version": "0.1.1",
      "devDependencies": {}
    }
  }
}
