{
  "name": "basekit",
  "version": "0.3.0",
  "lockfileVersion": 3,
  "requires": true,
  "packages": {
    "": {
      "name": "basekit",
      "version": "0.3.0",
      "workspaces": [
        "packages/basekit-basekit-annotations",
        "packages/basekit-basekit-annotations-test",
        "packages/basekit-basekit-navigation",
        "packages/basekit-basekit-navigation-test",
        "packages/basekit-basekit-navigation-metrics",
        "packages/basekit-basekit-navigation-metrics-test",
        "packages/basekit-basekit-navigation-posthog",
        "packages/basekit-basekit-navigation-posthog-test",
        "packages/basekit-basekit-navigation-test",
        "packages/basekit-basekit-navigation-test-test",
        "packages/basekit-basekit-tui-annotations",
        "packages/basekit-basekit-tui-annotations-test",
        "packages/basekit-basekit-viewmodel",
        "packages/basekit-basekit-viewmodel-test",
        "packages/basekit-basekit-viewmodel-annotations",
        "packages/basekit-basekit-viewmodel-annotations-test",
        "packages/basekit-demo-core",
        "packages/basekit-demo-core-test",
        "packages_imported/kotlin-react-core/2025.6.9-19.1.0",
        "packages_imported/kotlin-csstype/2025.6.9-3.1.3",
        "packages_imported/kotlin-cssom-core/2025.6.9",
        "packages_imported/kotlin-react-dom/2025.6.9-19.1.0"
      ],
      "devDependencies": {}
    },
    "node_modules/@posthog/browser-common": {
      "version": "0.9.2",
      "resolved": "https://registry.npmjs.org/@posthog/browser-common/-/browser-common-0.9.2.tgz",
      "integrity": "sha512-kD0ayI59d+DVcqEFLFA1TU1B03PFNV/Hy18Yv1EOB24Px0CDDowkTR3pBE2j8MYeqtp+4XOoVTXrcJaJUp6zrg==",
      "license": "MIT",
      "dependencies": {
        "@posthog/core": "^1.57.0",
        "@posthog/types": "^1.415.1"
      }
    },
    "node_modules/@posthog/core": {
      "version": "1.57.3",
      "resolved": "https://registry.npmjs.org/@posthog/core/-/core-1.57.3.tgz",
      "integrity": "sha512-lag+QZE61kcYSjYN9lKwri6P4/DACOtyRsA41MSI6tdKHbSIyrPfQPkDQiPbq413AMbTXFjcN/N6bqxPhei93Q==",
      "license": "MIT",
      "dependencies": {
        "@posthog/types": "^1.415.2"
      }
    },
    "node_modules/@posthog/types": {
      "version": "1.415.2",
      "resolved": "https://registry.npmjs.org/@posthog/types/-/types-1.415.2.tgz",
      "integrity": "sha512-BIIHPyXcPZuNTImrR1qLqLKFw7j9o8co6LG/9OpLtpWJ3RT0y89Lx6VCtd37N9/dkr/qW7y0uPjJxAxjsALHtw==",
      "license": "MIT"
    },
    "node_modules/@types/trusted-types": {
      "version": "2.0.7",
      "resolved": "https://registry.npmjs.org/@types/trusted-types/-/trusted-types-2.0.7.tgz",
      "integrity": "sha512-ScaPdn1dQczgbl0QFTeTOmVHFULt394XJgOQNoyVhZ6r2vLnMLJfBPd53SB52T/3G36VI1/g2MZaX0cwDuXsfw==",
      "license": "MIT",
      "optional": true
    },
    "node_modules/basekit-basekit-annotations": {
      "resolved": "packages/basekit-basekit-annotations",
      "link": true
    },
    "node_modules/basekit-basekit-annotations-test": {
      "resolved": "packages/basekit-basekit-annotations-test",
      "link": true
    },
    "node_modules/basekit-basekit-navigation": {
      "resolved": "packages/basekit-basekit-navigation",
      "link": true
    },
    "node_modules/basekit-basekit-navigation-metrics": {
      "resolved": "packages/basekit-basekit-navigation-metrics",
      "link": true
    },
    "node_modules/basekit-basekit-navigation-metrics-test": {
      "resolved": "packages/basekit-basekit-navigation-metrics-test",
      "link": true
    },
    "node_modules/basekit-basekit-navigation-posthog": {
      "resolved": "packages/basekit-basekit-navigation-posthog",
      "link": true
    },
    "node_modules/basekit-basekit-navigation-posthog-test": {
      "resolved": "packages/basekit-basekit-navigation-posthog-test",
      "link": true
    },
    "node_modules/basekit-basekit-navigation-test": {
      "resolved": "packages/basekit-basekit-navigation-test",
      "link": true
    },
    "node_modules/basekit-basekit-navigation-test-test": {
      "resolved": "packages/basekit-basekit-navigation-test-test",
      "link": true
    },
    "node_modules/basekit-basekit-tui-annotations": {
      "resolved": "packages/basekit-basekit-tui-annotations",
      "link": true
    },
    "node_modules/basekit-basekit-tui-annotations-test": {
      "resolved": "packages/basekit-basekit-tui-annotations-test",
      "link": true
    },
    "node_modules/basekit-basekit-viewmodel": {
      "resolved": "packages/basekit-basekit-viewmodel",
      "link": true
    },
    "node_modules/basekit-basekit-viewmodel-annotations": {
      "resolved": "packages/basekit-basekit-viewmodel-annotations",
      "link": true
    },
    "node_modules/basekit-basekit-viewmodel-annotations-test": {
      "resolved": "packages/basekit-basekit-viewmodel-annotations-test",
      "link": true
    },
    "node_modules/basekit-basekit-viewmodel-test": {
      "resolved": "packages/basekit-basekit-viewmodel-test",
      "link": true
    },
    "node_modules/basekit-demo-core": {
      "resolved": "packages/basekit-demo-core",
      "link": true
    },
    "node_modules/basekit-demo-core-test": {
      "resolved": "packages/basekit-demo-core-test",
      "link": true
    },
    "node_modules/core-js": {
      "version": "3.50.0",
      "resolved": "https://registry.npmjs.org/core-js/-/core-js-3.50.0.tgz",
      "integrity": "sha512-BRWgOLKkFeCgRudR6zrs8p9XJZcE14grzKMMssoYrk6krtuEZ7MTKPIY5RzOnqsEKIR9kst7wNzphttraT+Yqw==",
      "hasInstallScript": true,
      "license": "MIT",
      "engines": {
        "node": "*"
      },
      "funding": {
        "type": "opencollective",
        "url": "https://opencollective.com/core-js"
      }
    },
    "node_modules/dompurify": {
      "version": "3.4.16",
      "resolved": "https://registry.npmjs.org/dompurify/-/dompurify-3.4.16.tgz",
      "integrity": "sha512-sqo+pNp3qRhCIpbgRi1y8Tgk27Bo2Ry7w0dC1NBeNTdZChWjz9Xb/KOoZbRP/R6pQZ80Qw8YhXw13hWWBbMRnQ==",
      "license": "(MPL-2.0 OR Apache-2.0)",
      "optionalDependencies": {
        "@types/trusted-types": "^2.0.7"
      }
    },
    "node_modules/fflate": {
      "version": "0.4.9",
      "resolved": "https://registry.npmjs.org/fflate/-/fflate-0.4.9.tgz",
      "integrity": "sha512-zdxgIEddhfsyCaWpJ2SdXEP8ZMrKJ6+5jl4OupODcywU0IhRk6gdXuVGcPICyfx2H97hVK7xmJtRLPjkxAX8Vw==",
      "license": "MIT"
    },
    "node_modules/kotlin-cssom-core": {
      "resolved": "packages_imported/kotlin-cssom-core/2025.6.9",
      "link": true
    },
    "node_modules/kotlin-csstype": {
      "resolved": "packages_imported/kotlin-csstype/2025.6.9-3.1.3",
      "link": true
    },
    "node_modules/kotlin-react-core": {
      "resolved": "packages_imported/kotlin-react-core/2025.6.9-19.1.0",
      "link": true
    },
    "node_modules/kotlin-react-dom": {
      "resolved": "packages_imported/kotlin-react-dom/2025.6.9-19.1.0",
      "link": true
    },
    "node_modules/preact": {
      "version": "10.29.8",
      "resolved": "https://registry.npmjs.org/preact/-/preact-10.29.8.tgz",
      "integrity": "sha512-ej2aVZ+vZ8WO7tvlQWRM9N63A0KzF9q4mWJfDUHgYaIofWY9hu74QdnQrjoPMmZi2/nZ5gN0bJCQF49xQqx09Q==",
      "license": "MIT",
      "funding": {
        "type": "opencollective",
        "url": "https://opencollective.com/preact"
      },
      "peerDependencies": {
        "preact-render-to-string": ">=5"
      },
      "peerDependenciesMeta": {
        "preact-render-to-string": {
          "optional": true
        }
      }
    },
    "node_modules/query-selector-shadow-dom": {
      "version": "1.0.1",
      "resolved": "https://registry.npmjs.org/query-selector-shadow-dom/-/query-selector-shadow-dom-1.0.1.tgz",
      "integrity": "sha512-lT5yCqEBgfoMYpf3F2xQRK7zEr1rhIIZuceDK6+xRkJQ4NMbHTwXqk4NkwDwQMNqXgG9r9fyHnzwNVs6zV5KRw==",
      "license": "MIT"
    },
    "node_modules/react": {
      "version": "19.3.0",
      "resolved": "https://registry.npmjs.org/react/-/react-19.3.0.tgz",
      "integrity": "sha512-E8LUcbtBWt20bbl2YoHfx4ZDBdxVTfOKtCZn9cDSJ4l6/nuoApcpIBcj47t2wZoVX8g2ZHuMHbiShgCR1T5Sog==",
      "license": "MIT",
      "engines": {
        "node": ">=0.10.0"
      }
    },
    "node_modules/react-dom": {
      "version": "19.3.0",
      "resolved": "https://registry.npmjs.org/react-dom/-/react-dom-19.3.0.tgz",
      "integrity": "sha512-JDk8dgif51OjFoDE70+OT9ICyYr+69HlmihNwp1+Nsfbna3t5sIiCa9ZJktDmQ4/1b/rn26hIAR2uYXDMr5r0Q==",
      "license": "MIT",
      "dependencies": {
        "scheduler": "^0.28.0"
      },
      "peerDependencies": {
        "react": "^19.3.0"
      }
    },
    "node_modules/scheduler": {
      "version": "0.28.0",
      "resolved": "https://registry.npmjs.org/scheduler/-/scheduler-0.28.0.tgz",
      "integrity": "sha512-juorfCmIkIw8tT+p5BXSm6PJjQF/ycEYmKyzURCIt/RaZIhL+PulbQ9Yu2z1HdOJDdqDTlxA1+xKBmHXJsczAw==",
      "license": "MIT"
    },
    "node_modules/typescript": {
      "version": "5.9.3",
      "resolved": "https://registry.npmjs.org/typescript/-/typescript-5.9.3.tgz",
      "integrity": "sha512-jl1vZzPDinLr9eUt3J/t7V6FgNEw9QjvBPdysz9KfQDD41fQrC2Y4vKQdiaUpFT4bXlb1RHhLpp8wtm6M5TgSw==",
      "dev": true,
      "license": "Apache-2.0",
      "bin": {
        "tsc": "bin/tsc",
        "tsserver": "bin/tsserver"
      },
      "engines": {
        "node": ">=14.17"
      }
    },
    "node_modules/web-vitals": {
      "version": "6.2.3",
      "resolved": "https://registry.npmjs.org/web-vitals/-/web-vitals-6.2.3.tgz",
      "integrity": "sha512-Dmy+vdO1UPMqXiAtZSNayhl4f794Bxfd94W4HIj2HlYtczEQfEOon969memlcpcHrTuOKLa5baFjX7WbgmOq+A==",
      "license": "Apache-2.0"
    },
    "node_modules/web-vitals-soft-navs": {
      "name": "web-vitals",
      "version": "6.2.1",
      "resolved": "https://registry.npmjs.org/web-vitals/-/web-vitals-6.2.1.tgz",
      "integrity": "sha512-rLcLXA2sx6+9dE88NHFubwTtGxpK4yYBLj6qHPdFoCaLr0cXGb4efOqtKLlm4loGA4OEKHIQKMKzZkKyOh5ctw==",
      "license": "Apache-2.0"
    },
    "packages_imported/deltalist-deltalist-core/0.1.0": {
      "name": "deltalist-deltalist-core",
      "version": "0.1.0",
      "extraneous": true,
      "devDependencies": {}
    },
    "packages_imported/kotlin-cssom-core/2025.6.9": {
      "name": "kotlin-cssom-core",
      "version": "2025.6.9",
      "devDependencies": {}
    },
    "packages_imported/kotlin-csstype/2025.6.9-3.1.3": {
      "name": "kotlin-csstype",
      "version": "2025.6.9-3.1.3",
      "devDependencies": {}
    },
    "packages_imported/kotlin-react-core/2025.6.9-19.1.0": {
      "name": "kotlin-react-core",
      "version": "2025.6.9-19.1.0",
      "dependencies": {
        "react": "^19.1.0"
      },
      "devDependencies": {}
    },
    "packages_imported/kotlin-react-dom/2025.6.9-19.1.0": {
      "name": "kotlin-react-dom",
      "version": "2025.6.9-19.1.0",
      "dependencies": {
        "react": "^19.1.0",
        "react-dom": "^19.1.0"
      },
      "devDependencies": {}
    },
    "packages/basekit-basekit-annotations": {
      "version": "0.3.0",
      "devDependencies": {}
    },
    "packages/basekit-basekit-annotations-test": {
      "version": "0.3.0",
      "devDependencies": {}
    },
    "packages/basekit-basekit-navigation": {
      "version": "0.3.0",
      "devDependencies": {}
    },
    "packages/basekit-basekit-navigation-metrics": {
      "version": "0.3.0",
      "dependencies": {
        "react": "^19.1.0",
        "react-dom": "^19.1.0"
      },
      "devDependencies": {}
    },
    "packages/basekit-basekit-navigation-metrics-test": {
      "version": "0.3.0",
      "dependencies": {
        "react": "^19.1.0",
        "react-dom": "^19.1.0"
      },
      "devDependencies": {}
    },
    "packages/basekit-basekit-navigation-posthog": {
      "version": "0.3.0",
      "dependencies": {
        "posthog-js": "1.438.1",
        "react": "^19.1.0",
        "react-dom": "^19.1.0"
      },
      "devDependencies": {
        "typescript": "5.9.3"
      }
    },
    "packages/basekit-basekit-navigation-posthog-test": {
      "version": "0.3.0",
      "dependencies": {
        "posthog-js": "1.438.1",
        "react": "^19.1.0",
        "react-dom": "^19.1.0"
      },
      "devDependencies": {
        "typescript": "5.9.3"
      }
    },
    "packages/basekit-basekit-navigation-posthog-test/node_modules/posthog-js": {
      "version": "1.438.1",
      "resolved": "https://registry.npmjs.org/posthog-js/-/posthog-js-1.438.1.tgz",
      "integrity": "sha512-0ro5G2kkl2SJrXPmKRh/bzPa016hJ9FbbKXojgs7Q2aMLjzXiu3U7ogyBjbnz1XkgWwU6a5IrRMqycdHGuDHeg==",
      "license": "(Apache-2.0 AND MIT)",
      "dependencies": {
        "@posthog/browser-common": "^0.9.2",
        "@posthog/core": "^1.57.0",
        "@posthog/types": "^1.415.1",
        "core-js": "^3.49.0",
        "dompurify": "^3.4.13",
        "fflate": "^0.4.8",
        "preact": "^10.29.3",
        "query-selector-shadow-dom": "^1.0.1",
        "web-vitals": "^6.2.1",
        "web-vitals-soft-navs": "npm:web-vitals@6.2.1"
      },
      "peerDependencies": {
        "@types/react": ">=16.8.0",
        "react": ">=16.8.0"
      },
      "peerDependenciesMeta": {
        "@types/react": {
          "optional": true
        },
        "react": {
          "optional": true
        }
      }
    },
    "packages/basekit-basekit-navigation-posthog/node_modules/posthog-js": {
      "version": "1.438.1",
      "resolved": "https://registry.npmjs.org/posthog-js/-/posthog-js-1.438.1.tgz",
      "integrity": "sha512-0ro5G2kkl2SJrXPmKRh/bzPa016hJ9FbbKXojgs7Q2aMLjzXiu3U7ogyBjbnz1XkgWwU6a5IrRMqycdHGuDHeg==",
      "license": "(Apache-2.0 AND MIT)",
      "dependencies": {
        "@posthog/browser-common": "^0.9.2",
        "@posthog/core": "^1.57.0",
        "@posthog/types": "^1.415.1",
        "core-js": "^3.49.0",
        "dompurify": "^3.4.13",
        "fflate": "^0.4.8",
        "preact": "^10.29.3",
        "query-selector-shadow-dom": "^1.0.1",
        "web-vitals": "^6.2.1",
        "web-vitals-soft-navs": "npm:web-vitals@6.2.1"
      },
      "peerDependencies": {
        "@types/react": ">=16.8.0",
        "react": ">=16.8.0"
      },
      "peerDependenciesMeta": {
        "@types/react": {
          "optional": true
        },
        "react": {
          "optional": true
        }
      }
    },
    "packages/basekit-basekit-navigation-test": {
      "version": "0.3.0",
      "devDependencies": {}
    },
    "packages/basekit-basekit-navigation-test-test": {
      "version": "0.3.0",
      "devDependencies": {}
    },
    "packages/basekit-basekit-tui-annotations": {
      "version": "0.3.0",
      "devDependencies": {}
    },
    "packages/basekit-basekit-tui-annotations-test": {
      "version": "0.3.0",
      "devDependencies": {}
    },
    "packages/basekit-basekit-viewmodel": {
      "version": "0.3.0",
      "dependencies": {
        "react": "^19.1.0",
        "react-dom": "^19.1.0"
      },
      "devDependencies": {}
    },
    "packages/basekit-basekit-viewmodel-annotations": {
      "version": "0.3.0",
      "devDependencies": {}
    },
    "packages/basekit-basekit-viewmodel-annotations-test": {
      "version": "0.3.0",
      "devDependencies": {}
    },
    "packages/basekit-basekit-viewmodel-test": {
      "version": "0.3.0",
      "dependencies": {
        "react": "^19.1.0",
        "react-dom": "^19.1.0"
      },
      "devDependencies": {}
    },
    "packages/basekit-demo-core": {
      "version": "0.3.0",
      "dependencies": {
        "posthog-js": "1.438.1",
        "react": "^19.1.0",
        "react-dom": "^19.1.0"
      },
      "devDependencies": {
        "typescript": "5.9.3"
      }
    },
    "packages/basekit-demo-core-test": {
      "version": "0.3.0",
      "dependencies": {
        "posthog-js": "1.438.1",
        "react": "^19.1.0",
        "react-dom": "^19.1.0"
      },
      "devDependencies": {
        "typescript": "5.9.3"
      }
    },
    "packages/basekit-demo-core-test/node_modules/posthog-js": {
      "version": "1.438.1",
      "resolved": "https://registry.npmjs.org/posthog-js/-/posthog-js-1.438.1.tgz",
      "integrity": "sha512-0ro5G2kkl2SJrXPmKRh/bzPa016hJ9FbbKXojgs7Q2aMLjzXiu3U7ogyBjbnz1XkgWwU6a5IrRMqycdHGuDHeg==",
      "license": "(Apache-2.0 AND MIT)",
      "dependencies": {
        "@posthog/browser-common": "^0.9.2",
        "@posthog/core": "^1.57.0",
        "@posthog/types": "^1.415.1",
        "core-js": "^3.49.0",
        "dompurify": "^3.4.13",
        "fflate": "^0.4.8",
        "preact": "^10.29.3",
        "query-selector-shadow-dom": "^1.0.1",
        "web-vitals": "^6.2.1",
        "web-vitals-soft-navs": "npm:web-vitals@6.2.1"
      },
      "peerDependencies": {
        "@types/react": ">=16.8.0",
        "react": ">=16.8.0"
      },
      "peerDependenciesMeta": {
        "@types/react": {
          "optional": true
        },
        "react": {
          "optional": true
        }
      }
    },
    "packages/basekit-demo-core/node_modules/posthog-js": {
      "version": "1.438.1",
      "resolved": "https://registry.npmjs.org/posthog-js/-/posthog-js-1.438.1.tgz",
      "integrity": "sha512-0ro5G2kkl2SJrXPmKRh/bzPa016hJ9FbbKXojgs7Q2aMLjzXiu3U7ogyBjbnz1XkgWwU6a5IrRMqycdHGuDHeg==",
      "license": "(Apache-2.0 AND MIT)",
      "dependencies": {
        "@posthog/browser-common": "^0.9.2",
        "@posthog/core": "^1.57.0",
        "@posthog/types": "^1.415.1",
        "core-js": "^3.49.0",
        "dompurify": "^3.4.13",
        "fflate": "^0.4.8",
        "preact": "^10.29.3",
        "query-selector-shadow-dom": "^1.0.1",
        "web-vitals": "^6.2.1",
        "web-vitals-soft-navs": "npm:web-vitals@6.2.1"
      },
      "peerDependencies": {
        "@types/react": ">=16.8.0",
        "react": ">=16.8.0"
      },
      "peerDependenciesMeta": {
        "@types/react": {
          "optional": true
        },
        "react": {
          "optional": true
        }
      }
    }
  }
}
