{
  "name": "basekit",
  "version": "0.2.5",
  "lockfileVersion": 3,
  "requires": true,
  "packages": {
    "": {
      "name": "basekit",
      "version": "0.2.5",
      "workspaces": [
        "packages/basekit-basekit-annotations",
        "packages/basekit-basekit-annotations-test",
        "packages/basekit-basekit-navigation",
        "packages/basekit-basekit-navigation-test",
        "packages/basekit-basekit-navigation-test",
        "packages/basekit-basekit-navigation-test-test",
        "packages/basekit-basekit-tui-annotations",
        "packages/basekit-basekit-tui-annotations-test",
        "packages/basekit-basekit-viewmodel",
        "packages/basekit-basekit-viewmodel-test",
        "packages/basekit-basekit-viewmodel-annotations",
        "packages/basekit-basekit-viewmodel-annotations-test",
        "packages/basekit-demo-core",
        "packages/basekit-demo-core-test",
        "packages_imported/kotlin-react-core/2025.6.9-19.1.0",
        "packages_imported/kotlin-csstype/2025.6.9-3.1.3",
        "packages_imported/kotlin-cssom-core/2025.6.9",
        "packages_imported/kotlin-react-dom/2025.6.9-19.1.0"
      ],
      "devDependencies": {}
    },
    "node_modules/basekit-basekit-annotations": {
      "resolved": "packages/basekit-basekit-annotations",
      "link": true
    },
    "node_modules/basekit-basekit-annotations-test": {
      "resolved": "packages/basekit-basekit-annotations-test",
      "link": true
    },
    "node_modules/basekit-basekit-navigation": {
      "resolved": "packages/basekit-basekit-navigation",
      "link": true
    },
    "node_modules/basekit-basekit-navigation-test": {
      "resolved": "packages/basekit-basekit-navigation-test",
      "link": true
    },
    "node_modules/basekit-basekit-navigation-test-test": {
      "resolved": "packages/basekit-basekit-navigation-test-test",
      "link": true
    },
    "node_modules/basekit-basekit-tui-annotations": {
      "resolved": "packages/basekit-basekit-tui-annotations",
      "link": true
    },
    "node_modules/basekit-basekit-tui-annotations-test": {
      "resolved": "packages/basekit-basekit-tui-annotations-test",
      "link": true
    },
    "node_modules/basekit-basekit-viewmodel": {
      "resolved": "packages/basekit-basekit-viewmodel",
      "link": true
    },
    "node_modules/basekit-basekit-viewmodel-annotations": {
      "resolved": "packages/basekit-basekit-viewmodel-annotations",
      "link": true
    },
    "node_modules/basekit-basekit-viewmodel-annotations-test": {
      "resolved": "packages/basekit-basekit-viewmodel-annotations-test",
      "link": true
    },
    "node_modules/basekit-basekit-viewmodel-test": {
      "resolved": "packages/basekit-basekit-viewmodel-test",
      "link": true
    },
    "node_modules/basekit-demo-core": {
      "resolved": "packages/basekit-demo-core",
      "link": true
    },
    "node_modules/basekit-demo-core-test": {
      "resolved": "packages/basekit-demo-core-test",
      "link": true
    },
    "node_modules/kotlin-cssom-core": {
      "resolved": "packages_imported/kotlin-cssom-core/2025.6.9",
      "link": true
    },
    "node_modules/kotlin-csstype": {
      "resolved": "packages_imported/kotlin-csstype/2025.6.9-3.1.3",
      "link": true
    },
    "node_modules/kotlin-react-core": {
      "resolved": "packages_imported/kotlin-react-core/2025.6.9-19.1.0",
      "link": true
    },
    "node_modules/kotlin-react-dom": {
      "resolved": "packages_imported/kotlin-react-dom/2025.6.9-19.1.0",
      "link": true
    },
    "node_modules/react": {
      "version": "19.3.0",
      "resolved": "https://registry.npmjs.org/react/-/react-19.3.0.tgz",
      "integrity": "sha512-E8LUcbtBWt20bbl2YoHfx4ZDBdxVTfOKtCZn9cDSJ4l6/nuoApcpIBcj47t2wZoVX8g2ZHuMHbiShgCR1T5Sog==",
      "license": "MIT",
      "engines": {
        "node": ">=0.10.0"
      }
    },
    "node_modules/react-dom": {
      "version": "19.3.0",
      "resolved": "https://registry.npmjs.org/react-dom/-/react-dom-19.3.0.tgz",
      "integrity": "sha512-JDk8dgif51OjFoDE70+OT9ICyYr+69HlmihNwp1+Nsfbna3t5sIiCa9ZJktDmQ4/1b/rn26hIAR2uYXDMr5r0Q==",
      "license": "MIT",
      "dependencies": {
        "scheduler": "^0.28.0"
      },
      "peerDependencies": {
        "react": "^19.3.0"
      }
    },
    "node_modules/scheduler": {
      "version": "0.28.0",
      "resolved": "https://registry.npmjs.org/scheduler/-/scheduler-0.28.0.tgz",
      "integrity": "sha512-juorfCmIkIw8tT+p5BXSm6PJjQF/ycEYmKyzURCIt/RaZIhL+PulbQ9Yu2z1HdOJDdqDTlxA1+xKBmHXJsczAw==",
      "license": "MIT"
    },
    "packages_imported/deltalist-deltalist-core/0.1.0": {
      "name": "deltalist-deltalist-core",
      "version": "0.1.0",
      "extraneous": true,
      "devDependencies": {}
    },
    "packages_imported/kotlin-cssom-core/2025.6.9": {
      "name": "kotlin-cssom-core",
      "version": "2025.6.9",
      "devDependencies": {}
    },
    "packages_imported/kotlin-csstype/2025.6.9-3.1.3": {
      "name": "kotlin-csstype",
      "version": "2025.6.9-3.1.3",
      "devDependencies": {}
    },
    "packages_imported/kotlin-react-core/2025.6.9-19.1.0": {
      "name": "kotlin-react-core",
      "version": "2025.6.9-19.1.0",
      "dependencies": {
        "react": "^19.1.0"
      },
      "devDependencies": {}
    },
    "packages_imported/kotlin-react-dom/2025.6.9-19.1.0": {
      "name": "kotlin-react-dom",
      "version": "2025.6.9-19.1.0",
      "dependencies": {
        "react": "^19.1.0",
        "react-dom": "^19.1.0"
      },
      "devDependencies": {}
    },
    "packages/basekit-basekit-annotations": {
      "version": "0.2.5",
      "devDependencies": {}
    },
    "packages/basekit-basekit-annotations-test": {
      "version": "0.2.5",
      "devDependencies": {}
    },
    "packages/basekit-basekit-navigation": {
      "version": "0.2.5",
      "devDependencies": {}
    },
    "packages/basekit-basekit-navigation-test": {
      "version": "0.2.5",
      "devDependencies": {}
    },
    "packages/basekit-basekit-navigation-test-test": {
      "version": "0.2.5",
      "devDependencies": {}
    },
    "packages/basekit-basekit-tui-annotations": {
      "version": "0.2.5",
      "devDependencies": {}
    },
    "packages/basekit-basekit-tui-annotations-test": {
      "version": "0.2.5",
      "devDependencies": {}
    },
    "packages/basekit-basekit-viewmodel": {
      "version": "0.2.5",
      "dependencies": {
        "react": "^19.1.0",
        "react-dom": "^19.1.0"
      },
      "devDependencies": {}
    },
    "packages/basekit-basekit-viewmodel-annotations": {
      "version": "0.2.5",
      "devDependencies": {}
    },
    "packages/basekit-basekit-viewmodel-annotations-test": {
      "version": "0.2.5",
      "devDependencies": {}
    },
    "packages/basekit-basekit-viewmodel-test": {
      "version": "0.2.5",
      "dependencies": {
        "react": "^19.1.0",
        "react-dom": "^19.1.0"
      },
      "devDependencies": {}
    },
    "packages/basekit-demo-core": {
      "version": "0.2.5",
      "dependencies": {
        "react": "^19.1.0",
        "react-dom": "^19.1.0"
      },
      "devDependencies": {}
    },
    "packages/basekit-demo-core-test": {
      "version": "0.2.5",
      "dependencies": {
        "react": "^19.1.0",
        "react-dom": "^19.1.0"
      },
      "devDependencies": {}
    }
  }
}
